
Microsoft Visual Studio Solution File, Format Version 12.00
# Visual Studio Version 16
VisualStudioVersion = 16.0.29609.76
MinimumVisualStudioVersion = 10.0.40219.1
Project("{FAE04EC0-301F-11D3-BF4B-00C04F79EFBC}") = "SwissPairings.UWP", "SwissPairings.UWP\SwissPairings.UWP.csproj", "{FD0D1201-C70C-481C-BC4C-A24180EA130D}"
EndProject
Project("{FAE04EC0-301F-11D3-BF4B-00C04F79EFBC}") = "SwissPairings.Android", "SwissPairings.Android\SwissPairings.Android.csproj", "{9AAD542E-C770-443A-B97F-C61CD177ECD9}"
EndProject
Project("{FAE04EC0-301F-11D3-BF4B-00C04F79EFBC}") = "SwissPairings.iOS", "SwissPairings.iOS\SwissPairings.iOS.csproj", "{B104D47C-6847-42AE-B791-6374451FCB79}"
EndProject
Project("{FAE04EC0-301F-11D3-BF4B-00C04F79EFBC}") = "SwissPairings", "SwissPairings\SwissPairings.csproj", "{24E65A8F-5AE0-4D35-B580-9FFAAE1D2B6C}"
EndProject
Global
	GlobalSection(SolutionConfigurationPlatforms) = preSolution
		Debug|Any CPU = Debug|Any CPU
		Debug|ARM = Debug|ARM
		Debug|iPhone = Debug|iPhone
		Debug|iPhoneSimulator = Debug|iPhoneSimulator
		Debug|x64 = Debug|x64
		Debug|x86 = Debug|x86
		Release|Any CPU = Release|Any CPU
		Release|ARM = Release|ARM
		Release|iPhone = Release|iPhone
		Release|iPhoneSimulator = Release|iPhoneSimulator
		Release|x64 = Release|x64
		Release|x86 = Release|x86
	EndGlobalSection
	GlobalSection(ProjectConfigurationPlatforms) = postSolution
		{FD0D1201-C70C-481C-BC4C-A24180EA130D}.Debug|Any CPU.ActiveCfg = Debug|x86
		{FD0D1201-C70C-481C-BC4C-A24180EA130D}.Debug|Any CPU.Build.0 = Debug|x86
		{FD0D1201-C70C-481C-BC4C-A24180EA130D}.Debug|Any CPU.Deploy.0 = Debug|x86
		{FD0D1201-C70C-481C-BC4C-A24180EA130D}.Debug|ARM.ActiveCfg = Debug|ARM
		{FD0D1201-C70C-481C-BC4C-A24180EA130D}.Debug|ARM.Build.0 = Debug|ARM
		{FD0D1201-C70C-481C-BC4C-A24180EA130D}.Debug|ARM.Deploy.0 = Debug|ARM
		{FD0D1201-C70C-481C-BC4C-A24180EA130D}.Debug|iPhone.ActiveCfg = Debug|x86
		{FD0D1201-C70C-481C-BC4C-A24180EA130D}.Debug|iPhone.Build.0 = Debug|x86
		{FD0D1201-C70C-481C-BC4C-A24180EA130D}.Debug|iPhone.Deploy.0 = Debug|x86
		{FD0D1201-C70C-481C-BC4C-A24180EA130D}.Debug|iPhoneSimulator.ActiveCfg = Debug|x86
		{FD0D1201-C70C-481C-BC4C-A24180EA130D}.Debug|iPhoneSimulator.Build.0 = Debug|x86
		{FD0D1201-C70C-481C-BC4C-A24180EA130D}.Debug|iPhoneSimulator.Deploy.0 = Debug|x86
		{FD0D1201-C70C-481C-BC4C-A24180EA130D}.Debug|x64.ActiveCfg = Debug|x64
		{FD0D1201-C70C-481C-BC4C-A24180EA130D}.Debug|x64.Build.0 = Debug|x64
		{FD0D1201-C70C-481C-BC4C-A24180EA130D}.Debug|x64.Deploy.0 = Debug|x64
		{FD0D1201-C70C-481C-BC4C-A24180EA130D}.Debug|x86.ActiveCfg = Debug|x86
		{FD0D1201-C70C-481C-BC4C-A24180EA130D}.Debug|x86.Build.0 = Debug|x86
		{FD0D1201-C70C-481C-BC4C-A24180EA130D}.Debug|x86.Deploy.0 = Debug|x86
		{FD0D1201-C70C-481C-BC4C-A24180EA130D}.Release|Any CPU.ActiveCfg = Release|x86
		{FD0D1201-C70C-481C-BC4C-A24180EA130D}.Release|Any CPU.Build.0 = Release|x86
		{FD0D1201-C70C-481C-BC4C-A24180EA130D}.Release|Any CPU.Deploy.0 = Release|x86
		{FD0D1201-C70C-481C-BC4C-A24180EA130D}.Release|ARM.ActiveCfg = Release|ARM
		{FD0D1201-C70C-481C-BC4C-A24180EA130D}.Release|ARM.Build.0 = Release|ARM
		{FD0D1201-C70C-481C-BC4C-A24180EA130D}.Release|ARM.Deploy.0 = Release|ARM
		{FD0D1201-C70C-481C-BC4C-A24180EA130D}.Release|iPhone.ActiveCfg = Release|x86
		{FD0D1201-C70C-481C-BC4C-A24180EA130D}.Release|iPhone.Build.0 = Release|x86
		{FD0D1201-C70C-481C-BC4C-A24180EA130D}.Release|iPhone.Deploy.0 = Release|x86
		{FD0D1201-C70C-481C-BC4C-A24180EA130D}.Release|iPhoneSimulator.ActiveCfg = Release|x86
		{FD0D1201-C70C-481C-BC4C-A24180EA130D}.Release|iPhoneSimulator.Build.0 = Release|x86
		{FD0D1201-C70C-481C-BC4C-A24180EA130D}.Release|iPhoneSimulator.Deploy.0 = Release|x86
		{FD0D1201-C70C-481C-BC4C-A24180EA130D}.Release|x64.ActiveCfg = Release|x64
		{FD0D1201-C70C-481C-BC4C-A24180EA130D}.Release|x64.Build.0 = Release|x64
		{FD0D1201-C70C-481C-BC4C-A24180EA130D}.Release|x64.Deploy.0 = Release|x64
		{FD0D1201-C70C-481C-BC4C-A24180EA130D}.Release|x86.ActiveCfg = Release|x86
		{FD0D1201-C70C-481C-BC4C-A24180EA130D}.Release|x86.Build.0 = Release|x86
		{FD0D1201-C70C-481C-BC4C-A24180EA130D}.Release|x86.Deploy.0 = Release|x86
		{9AAD542E-C770-443A-B97F-C61CD177ECD9}.Debug|Any CPU.ActiveCfg = Debug|Any CPU
		{9AAD542E-C770-443A-B97F-C61CD177ECD9}.Debug|Any CPU.Build.0 = Debug|Any CPU
		{9AAD542E-C770-443A-B97F-C61CD177ECD9}.Debug|Any CPU.Deploy.0 = Debug|Any CPU
		{9AAD542E-C770-443A-B97F-C61CD177ECD9}.Debug|ARM.ActiveCfg = Debug|Any CPU
		{9AAD542E-C770-443A-B97F-C61CD177ECD9}.Debug|ARM.Build.0 = Debug|Any CPU
		{9AAD542E-C770-443A-B97F-C61CD177ECD9}.Debug|ARM.Deploy.0 = Debug|Any CPU
		{9AAD542E-C770-443A-B97F-C61CD177ECD9}.Debug|iPhone.ActiveCfg = Debug|Any CPU
		{9AAD542E-C770-443A-B97F-C61CD177ECD9}.Debug|iPhone.Build.0 = Debug|Any CPU
		{9AAD542E-C770-443A-B97F-C61CD177ECD9}.Debug|iPhone.Deploy.0 = Debug|Any CPU
		{9AAD542E-C770-443A-B97F-C61CD177ECD9}.Debug|iPhoneSimulator.ActiveCfg = Debug|Any CPU
		{9AAD542E-C770-443A-B97F-C61CD177ECD9}.Debug|iPhoneSimulator.Build.0 = Debug|Any CPU
		{9AAD542E-C770-443A-B97F-C61CD177ECD9}.Debug|iPhoneSimulator.Deploy.0 = Debug|Any CPU
		{9AAD542E-C770-443A-B97F-C61CD177ECD9}.Debug|x64.ActiveCfg = Debug|Any CPU
		{9AAD542E-C770-443A-B97F-C61CD177ECD9}.Debug|x64.Build.0 = Debug|Any CPU
		{9AAD542E-C770-443A-B97F-C61CD177ECD9}.Debug|x64.Deploy.0 = Debug|Any CPU
		{9AAD542E-C770-443A-B97F-C61CD177ECD9}.Debug|x86.ActiveCfg = Debug|Any CPU
		{9AAD542E-C770-443A-B97F-C61CD177ECD9}.Debug|x86.Build.0 = Debug|Any CPU
		{9AAD542E-C770-443A-B97F-C61CD177ECD9}.Debug|x86.Deploy.0 = Debug|Any CPU
		{9AAD542E-C770-443A-B97F-C61CD177ECD9}.Release|Any CPU.ActiveCfg = Release|Any CPU
		{9AAD542E-C770-443A-B97F-C61CD177ECD9}.Release|Any CPU.Build.0 = Release|Any CPU
		{9AAD542E-C770-443A-B97F-C61CD177ECD9}.Release|Any CPU.Deploy.0 = Release|Any CPU
		{9AAD542E-C770-443A-B97F-C61CD177ECD9}.Release|ARM.ActiveCfg = Release|Any CPU
		{9AAD542E-C770-443A-B97F-C61CD177ECD9}.Release|ARM.Build.0 = Release|Any CPU
		{9AAD542E-C770-443A-B97F-C61CD177ECD9}.Release|ARM.Deploy.0 = Release|Any CPU
		{9AAD542E-C770-443A-B97F-C61CD177ECD9}.Release|iPhone.ActiveCfg = Release|Any CPU
		{9AAD542E-C770-443A-B97F-C61CD177ECD9}.Release|iPhone.Build.0 = Release|Any CPU
		{9AAD542E-C770-443A-B97F-C61CD177ECD9}.Release|iPhone.Deploy.0 = Release|Any CPU
		{9AAD542E-C770-443A-B97F-C61CD177ECD9}.Release|iPhoneSimulator.ActiveCfg = Release|Any CPU
		{9AAD542E-C770-443A-B97F-C61CD177ECD9}.Release|iPhoneSimulator.Build.0 = Release|Any CPU
		{9AAD542E-C770-443A-B97F-C61CD177ECD9}.Release|iPhoneSimulator.Deploy.0 = Release|Any CPU
		{9AAD542E-C770-443A-B97F-C61CD177ECD9}.Release|x64.ActiveCfg = Release|Any CPU
		{9AAD542E-C770-443A-B97F-C61CD177ECD9}.Release|x64.Build.0 = Release|Any CPU
		{9AAD542E-C770-443A-B97F-C61CD177ECD9}.Release|x64.Deploy.0 = Release|Any CPU
		{9AAD542E-C770-443A-B97F-C61CD177ECD9}.Release|x86.ActiveCfg = Release|Any CPU
		{9AAD542E-C770-443A-B97F-C61CD177ECD9}.Release|x86.Build.0 = Release|Any CPU
		{9AAD542E-C770-443A-B97F-C61CD177ECD9}.Release|x86.Deploy.0 = Release|Any CPU
		{B104D47C-6847-42AE-B791-6374451FCB79}.Debug|Any CPU.ActiveCfg = Debug|iPhone
		{B104D47C-6847-42AE-B791-6374451FCB79}.Debug|Any CPU.Build.0 = Debug|iPhone
		{B104D47C-6847-42AE-B791-6374451FCB79}.Debug|Any CPU.Deploy.0 = Debug|iPhone
		{B104D47C-6847-42AE-B791-6374451FCB79}.Debug|ARM.ActiveCfg = Debug|iPhoneSimulator
		{B104D47C-6847-42AE-B791-6374451FCB79}.Debug|ARM.Build.0 = Debug|iPhoneSimulator
		{B104D47C-6847-42AE-B791-6374451FCB79}.Debug|ARM.Deploy.0 = Debug|iPhoneSimulator
		{B104D47C-6847-42AE-B791-6374451FCB79}.Debug|iPhone.ActiveCfg = Debug|iPhone
		{B104D47C-6847-42AE-B791-6374451FCB79}.Debug|iPhone.Build.0 = Debug|iPhone
		{B104D47C-6847-42AE-B791-6374451FCB79}.Debug|iPhone.Deploy.0 = Debug|iPhone
		{B104D47C-6847-42AE-B791-6374451FCB79}.Debug|iPhoneSimulator.ActiveCfg = Debug|iPhoneSimulator
		{B104D47C-6847-42AE-B791-6374451FCB79}.Debug|iPhoneSimulator.Build.0 = Debug|iPhoneSimulator
		{B104D47C-6847-42AE-B791-6374451FCB79}.Debug|iPhoneSimulator.Deploy.0 = Debug|iPhoneSimulator
		{B104D47C-6847-42AE-B791-6374451FCB79}.Debug|x64.ActiveCfg = Debug|iPhone
		{B104D47C-6847-42AE-B791-6374451FCB79}.Debug|x64.Build.0 = Debug|iPhone
		{B104D47C-6847-42AE-B791-6374451FCB79}.Debug|x64.Deploy.0 = Debug|iPhone
		{B104D47C-6847-42AE-B791-6374451FCB79}.Debug|x86.ActiveCfg = Debug|iPhone
		{B104D47C-6847-42AE-B791-6374451FCB79}.Debug|x86.Build.0 = Debug|iPhone
		{B104D47C-6847-42AE-B791-6374451FCB79}.Debug|x86.Deploy.0 = Debug|iPhone
		{B104D47C-6847-42AE-B791-6374451FCB79}.Release|Any CPU.ActiveCfg = Release|iPhone
		{B104D47C-6847-42AE-B791-6374451FCB79}.Release|Any CPU.Build.0 = Release|iPhone
		{B104D47C-6847-42AE-B791-6374451FCB79}.Release|Any CPU.Deploy.0 = Release|iPhone
		{B104D47C-6847-42AE-B791-6374451FCB79}.Release|ARM.ActiveCfg = Release|iPhone
		{B104D47C-6847-42AE-B791-6374451FCB79}.Release|ARM.Build.0 = Release|iPhone
		{B104D47C-6847-42AE-B791-6374451FCB79}.Release|ARM.Deploy.0 = Release|iPhone
		{B104D47C-6847-42AE-B791-6374451FCB79}.Release|iPhone.ActiveCfg = Release|iPhone
		{B104D47C-6847-42AE-B791-6374451FCB79}.Release|iPhone.Build.0 = Release|iPhone
		{B104D47C-6847-42AE-B791-6374451FCB79}.Release|iPhone.Deploy.0 = Release|iPhone
		{B104D47C-6847-42AE-B791-6374451FCB79}.Release|iPhoneSimulator.ActiveCfg = Release|iPhoneSimulator
		{B104D47C-6847-42AE-B791-6374451FCB79}.Release|iPhoneSimulator.Build.0 = Release|iPhoneSimulator
		{B104D47C-6847-42AE-B791-6374451FCB79}.Release|iPhoneSimulator.Deploy.0 = Release|iPhoneSimulator
		{B104D47C-6847-42AE-B791-6374451FCB79}.Release|x64.ActiveCfg = Release|iPhone
		{B104D47C-6847-42AE-B791-6374451FCB79}.Release|x64.Build.0 = Release|iPhone
		{B104D47C-6847-42AE-B791-6374451FCB79}.Release|x64.Deploy.0 = Release|iPhone
		{B104D47C-6847-42AE-B791-6374451FCB79}.Release|x86.ActiveCfg = Release|iPhone
		{B104D47C-6847-42AE-B791-6374451FCB79}.Release|x86.Build.0 = Release|iPhone
		{B104D47C-6847-42AE-B791-6374451FCB79}.Release|x86.Deploy.0 = Release|iPhone
		{24E65A8F-5AE0-4D35-B580-9FFAAE1D2B6C}.Debug|Any CPU.ActiveCfg = Debug|Any CPU
		{24E65A8F-5AE0-4D35-B580-9FFAAE1D2B6C}.Debug|Any CPU.Build.0 = Debug|Any CPU
		{24E65A8F-5AE0-4D35-B580-9FFAAE1D2B6C}.Debug|Any CPU.Deploy.0 = Debug|Any CPU
		{24E65A8F-5AE0-4D35-B580-9FFAAE1D2B6C}.Debug|ARM.ActiveCfg = Debug|Any CPU
		{24E65A8F-5AE0-4D35-B580-9FFAAE1D2B6C}.Debug|ARM.Build.0 = Debug|Any CPU
		{24E65A8F-5AE0-4D35-B580-9FFAAE1D2B6C}.Debug|ARM.Deploy.0 = Debug|Any CPU
		{24E65A8F-5AE0-4D35-B580-9FFAAE1D2B6C}.Debug|iPhone.ActiveCfg = Debug|Any CPU
		{24E65A8F-5AE0-4D35-B580-9FFAAE1D2B6C}.Debug|iPhone.Build.0 = Debug|Any CPU
		{24E65A8F-5AE0-4D35-B580-9FFAAE1D2B6C}.Debug|iPhone.Deploy.0 = Debug|Any CPU
		{24E65A8F-5AE0-4D35-B580-9FFAAE1D2B6C}.Debug|iPhoneSimulator.ActiveCfg = Debug|Any CPU
		{24E65A8F-5AE0-4D35-B580-9FFAAE1D2B6C}.Debug|iPhoneSimulator.Build.0 = Debug|Any CPU
		{24E65A8F-5AE0-4D35-B580-9FFAAE1D2B6C}.Debug|iPhoneSimulator.Deploy.0 = Debug|Any CPU
		{24E65A8F-5AE0-4D35-B580-9FFAAE1D2B6C}.Debug|x64.ActiveCfg = Debug|Any CPU
		{24E65A8F-5AE0-4D35-B580-9FFAAE1D2B6C}.Debug|x64.Build.0 = Debug|Any CPU
		{24E65A8F-5AE0-4D35-B580-9FFAAE1D2B6C}.Debug|x64.Deploy.0 = Debug|Any CPU
		{24E65A8F-5AE0-4D35-B580-9FFAAE1D2B6C}.Debug|x86.ActiveCfg = Debug|Any CPU
		{24E65A8F-5AE0-4D35-B580-9FFAAE1D2B6C}.Debug|x86.Build.0 = Debug|Any CPU
		{24E65A8F-5AE0-4D35-B580-9FFAAE1D2B6C}.Debug|x86.Deploy.0 = Debug|Any CPU
		{24E65A8F-5AE0-4D35-B580-9FFAAE1D2B6C}.Release|Any CPU.ActiveCfg = Release|Any CPU
		{24E65A8F-5AE0-4D35-B580-9FFAAE1D2B6C}.Release|Any CPU.Build.0 = Release|Any CPU
		{24E65A8F-5AE0-4D35-B580-9FFAAE1D2B6C}.Release|Any CPU.Deploy.0 = Release|Any CPU
		{24E65A8F-5AE0-4D35-B580-9FFAAE1D2B6C}.Release|ARM.ActiveCfg = Release|Any CPU
		{24E65A8F-5AE0-4D35-B580-9FFAAE1D2B6C}.Release|ARM.Build.0 = Release|Any CPU
		{24E65A8F-5AE0-4D35-B580-9FFAAE1D2B6C}.Release|ARM.Deploy.0 = Release|Any CPU
		{24E65A8F-5AE0-4D35-B580-9FFAAE1D2B6C}.Release|iPhone.ActiveCfg = Release|Any CPU
		{24E65A8F-5AE0-4D35-B580-9FFAAE1D2B6C}.Release|iPhone.Build.0 = Release|Any CPU
		{24E65A8F-5AE0-4D35-B580-9FFAAE1D2B6C}.Release|iPhone.Deploy.0 = Release|Any CPU
		{24E65A8F-5AE0-4D35-B580-9FFAAE1D2B6C}.Release|iPhoneSimulator.ActiveCfg = Release|Any CPU
		{24E65A8F-5AE0-4D35-B580-9FFAAE1D2B6C}.Release|iPhoneSimulator.Build.0 = Release|Any CPU
		{24E65A8F-5AE0-4D35-B580-9FFAAE1D2B6C}.Release|iPhoneSimulator.Deploy.0 = Release|Any CPU
		{24E65A8F-5AE0-4D35-B580-9FFAAE1D2B6C}.Release|x64.ActiveCfg = Release|Any CPU
		{24E65A8F-5AE0-4D35-B580-9FFAAE1D2B6C}.Release|x64.Build.0 = Release|Any CPU
		{24E65A8F-5AE0-4D35-B580-9FFAAE1D2B6C}.Release|x64.Deploy.0 = Release|Any CPU
		{24E65A8F-5AE0-4D35-B580-9FFAAE1D2B6C}.Release|x86.ActiveCfg = Release|Any CPU
		{24E65A8F-5AE0-4D35-B580-9FFAAE1D2B6C}.Release|x86.Build.0 = Release|Any CPU
		{24E65A8F-5AE0-4D35-B580-9FFAAE1D2B6C}.Release|x86.Deploy.0 = Release|Any CPU
	EndGlobalSection
	GlobalSection(SolutionProperties) = preSolution
		HideSolutionNode = FALSE
	EndGlobalSection
	GlobalSection(ExtensibilityGlobals) = postSolution
		SolutionGuid = {0EDB7A34-2AAD-4CB4-8E23-E3E120993033}
	EndGlobalSection
EndGlobal
